
Microsoft Visual Studio Solution File, Format Version 12.00
# Visual Studio Version 16
VisualStudioVersion = 16.0.31729.503
MinimumVisualStudioVersion = 10.0.40219.1
Project("{9A19103F-16F7-4668-BE54-9A1E7A4F7556}") = "Entities", "Entities\Entities.csproj", "{02E7DD7F-0D98-49A3-AFFE-BD2832A2D3BD}"
EndProject
Project("{9A19103F-16F7-4668-BE54-9A1E7A4F7556}") = "Contracts", "Contracts\Contracts.csproj", "{A58D5DFB-377C-43B3-ABDD-D7EB320DFD11}"
EndProject
Project("{9A19103F-16F7-4668-BE54-9A1E7A4F7556}") = "DTO", "DTO\DTO.csproj", "{76522A3D-6341-4BA9-938B-339FDC0B697B}"
EndProject
Project("{9A19103F-16F7-4668-BE54-9A1E7A4F7556}") = "BI", "BI\BI.csproj", "{48D1ACB8-C5F6-4A3B-BF87-8E0A12780913}"
EndProject
Project("{9A19103F-16F7-4668-BE54-9A1E7A4F7556}") = "DAL", "DAL\DAL.csproj", "{589EED7B-02DA-48D5-825F-3B34326D7F3D}"
EndProject
Project("{00D1A9C2-B5F0-4AF3-8072-F6C62B433612}") = "DB", "DB\DB.sqlproj", "{35347BF2-D402-43AF-A981-BEC8696F1A5B}"
EndProject
Project("{9A19103F-16F7-4668-BE54-9A1E7A4F7556}") = "LINK_UI", "LINK_UI\LINK_UI.csproj", "{CE340B7B-C8CA-4CDD-9169-F92538E9DAB2}"
EndProject
Project("{2150E333-8FDC-42A3-9474-1A3956D46DE8}") = "Core", "Core", "{20DD6562-2EC3-4E7C-AAE9-E493CC9FCE11}"
EndProject
Project("{2150E333-8FDC-42A3-9474-1A3956D46DE8}") = "DATA", "DATA", "{B0A48511-3850-40CF-B424-BC37FCFF08FD}"
EndProject
Project("{2150E333-8FDC-42A3-9474-1A3956D46DE8}") = "Components", "Components", "{DBE33B6B-29F2-4F2E-AE2C-F4FF46DDAB4F}"
EndProject
Project("{9A19103F-16F7-4668-BE54-9A1E7A4F7556}") = "LoggerComponent", "Logger\LoggerComponent.csproj", "{089843D1-00A7-47F2-AD68-512540E94FE2}"
EndProject
Project("{9A19103F-16F7-4668-BE54-9A1E7A4F7556}") = "FileGenerationComponent", "FileGenerationComponent\FileGenerationComponent.csproj", "{2C99C386-03FE-4DF9-8F75-BD5403D83359}"
EndProject
Project("{9A19103F-16F7-4668-BE54-9A1E7A4F7556}") = "Components.Core", "Components.Core\Components.Core.csproj", "{5D6B1A1D-39AD-4474-8DB0-058C0796A766}"
EndProject
Project("{9A19103F-16F7-4668-BE54-9A1E7A4F7556}") = "Components.Web", "Components.Web\Components.Web.csproj", "{B764B758-5EA8-40D0-91B4-2661F9878014}"
EndProject
Project("{9A19103F-16F7-4668-BE54-9A1E7A4F7556}") = "EmailComponent", "EmailComponent\EmailComponent.csproj", "{992563A1-CB38-4E74-A60A-05B80779989D}"
EndProject
Project("{2150E333-8FDC-42A3-9474-1A3956D46DE8}") = "PDFGeneration", "PDFGeneration", "{74611EC7-00BA-4E5F-8990-80EDC10E4784}"
EndProject
Project("{9A19103F-16F7-4668-BE54-9A1E7A4F7556}") = "MigraDoc.Rendering", "MigraDoc.Rendering\MigraDoc.Rendering.csproj", "{ADD38B82-E740-4D4E-AB81-71E6A3650DB4}"
EndProject
Project("{9A19103F-16F7-4668-BE54-9A1E7A4F7556}") = "PdfSharp", "PdfSharp\PdfSharp.csproj", "{10EC6DBE-FB63-4311-A7EE-8F387D48B9CD}"
EndProject
Project("{9A19103F-16F7-4668-BE54-9A1E7A4F7556}") = "PdfSharp.Charting", "PdfSharp.Charting\PdfSharp.Charting.csproj", "{9C56F2C4-ABEA-4785-8CFC-7130DBAF0B03}"
EndProject
Project("{9A19103F-16F7-4668-BE54-9A1E7A4F7556}") = "MigraDoc.DocumentObjectModel", "MigraDoc.DocumentObjectModel\MigraDoc.DocumentObjectModel.csproj", "{3EFC5560-04EA-4D56-B6D8-F1A4C64D8356}"
EndProject
Project("{9A19103F-16F7-4668-BE54-9A1E7A4F7556}") = "EmailSchedulerService", "EmailSchedulerService\EmailSchedulerService.csproj", "{6488687C-8996-4953-8CFB-59B358999422}"
EndProject
Project("{9A19103F-16F7-4668-BE54-9A1E7A4F7556}") = "IdentityServer", "IdentityServer\IdentityServer.csproj", "{A78EFD2C-BABF-469D-9BC7-2FA7583C2525}"
EndProject
Project("{9A19103F-16F7-4668-BE54-9A1E7A4F7556}") = "RabbitMQUtility", "RabbitMQUtility\RabbitMQUtility.csproj", "{343EA4E5-3ECE-4E15-9099-8EB54EE2A3FA}"
EndProject
Project("{9A19103F-16F7-4668-BE54-9A1E7A4F7556}") = "FileServer", "FileServer\FileServer.csproj", "{6922A497-7853-49DA-A73A-0674D894A3DA}"
EndProject
Global
	GlobalSection(SolutionConfigurationPlatforms) = preSolution
		Debug|Any CPU = Debug|Any CPU
		muliServers|Any CPU = muliServers|Any CPU
		Release|Any CPU = Release|Any CPU
	EndGlobalSection
	GlobalSection(ProjectConfigurationPlatforms) = postSolution
		{02E7DD7F-0D98-49A3-AFFE-BD2832A2D3BD}.Debug|Any CPU.ActiveCfg = Debug|Any CPU
		{02E7DD7F-0D98-49A3-AFFE-BD2832A2D3BD}.Debug|Any CPU.Build.0 = Debug|Any CPU
		{02E7DD7F-0D98-49A3-AFFE-BD2832A2D3BD}.muliServers|Any CPU.ActiveCfg = muliServers|Any CPU
		{02E7DD7F-0D98-49A3-AFFE-BD2832A2D3BD}.muliServers|Any CPU.Build.0 = muliServers|Any CPU
		{02E7DD7F-0D98-49A3-AFFE-BD2832A2D3BD}.Release|Any CPU.ActiveCfg = Release|Any CPU
		{02E7DD7F-0D98-49A3-AFFE-BD2832A2D3BD}.Release|Any CPU.Build.0 = Release|Any CPU
		{A58D5DFB-377C-43B3-ABDD-D7EB320DFD11}.Debug|Any CPU.ActiveCfg = Debug|Any CPU
		{A58D5DFB-377C-43B3-ABDD-D7EB320DFD11}.Debug|Any CPU.Build.0 = Debug|Any CPU
		{A58D5DFB-377C-43B3-ABDD-D7EB320DFD11}.muliServers|Any CPU.ActiveCfg = muliServers|Any CPU
		{A58D5DFB-377C-43B3-ABDD-D7EB320DFD11}.muliServers|Any CPU.Build.0 = muliServers|Any CPU
		{A58D5DFB-377C-43B3-ABDD-D7EB320DFD11}.Release|Any CPU.ActiveCfg = Release|Any CPU
		{A58D5DFB-377C-43B3-ABDD-D7EB320DFD11}.Release|Any CPU.Build.0 = Release|Any CPU
		{76522A3D-6341-4BA9-938B-339FDC0B697B}.Debug|Any CPU.ActiveCfg = Debug|Any CPU
		{76522A3D-6341-4BA9-938B-339FDC0B697B}.Debug|Any CPU.Build.0 = Debug|Any CPU
		{76522A3D-6341-4BA9-938B-339FDC0B697B}.muliServers|Any CPU.ActiveCfg = muliServers|Any CPU
		{76522A3D-6341-4BA9-938B-339FDC0B697B}.muliServers|Any CPU.Build.0 = muliServers|Any CPU
		{76522A3D-6341-4BA9-938B-339FDC0B697B}.Release|Any CPU.ActiveCfg = Release|Any CPU
		{76522A3D-6341-4BA9-938B-339FDC0B697B}.Release|Any CPU.Build.0 = Release|Any CPU
		{48D1ACB8-C5F6-4A3B-BF87-8E0A12780913}.Debug|Any CPU.ActiveCfg = Debug|Any CPU
		{48D1ACB8-C5F6-4A3B-BF87-8E0A12780913}.Debug|Any CPU.Build.0 = Debug|Any CPU
		{48D1ACB8-C5F6-4A3B-BF87-8E0A12780913}.muliServers|Any CPU.ActiveCfg = muliServers|Any CPU
		{48D1ACB8-C5F6-4A3B-BF87-8E0A12780913}.muliServers|Any CPU.Build.0 = muliServers|Any CPU
		{48D1ACB8-C5F6-4A3B-BF87-8E0A12780913}.Release|Any CPU.ActiveCfg = Release|Any CPU
		{48D1ACB8-C5F6-4A3B-BF87-8E0A12780913}.Release|Any CPU.Build.0 = Release|Any CPU
		{589EED7B-02DA-48D5-825F-3B34326D7F3D}.Debug|Any CPU.ActiveCfg = Debug|Any CPU
		{589EED7B-02DA-48D5-825F-3B34326D7F3D}.Debug|Any CPU.Build.0 = Debug|Any CPU
		{589EED7B-02DA-48D5-825F-3B34326D7F3D}.muliServers|Any CPU.ActiveCfg = muliServers|Any CPU
		{589EED7B-02DA-48D5-825F-3B34326D7F3D}.muliServers|Any CPU.Build.0 = muliServers|Any CPU
		{589EED7B-02DA-48D5-825F-3B34326D7F3D}.Release|Any CPU.ActiveCfg = Release|Any CPU
		{589EED7B-02DA-48D5-825F-3B34326D7F3D}.Release|Any CPU.Build.0 = Release|Any CPU
		{35347BF2-D402-43AF-A981-BEC8696F1A5B}.Debug|Any CPU.ActiveCfg = Debug|Any CPU
		{35347BF2-D402-43AF-A981-BEC8696F1A5B}.muliServers|Any CPU.ActiveCfg = muliServers|Any CPU
		{35347BF2-D402-43AF-A981-BEC8696F1A5B}.muliServers|Any CPU.Build.0 = muliServers|Any CPU
		{35347BF2-D402-43AF-A981-BEC8696F1A5B}.muliServers|Any CPU.Deploy.0 = muliServers|Any CPU
		{35347BF2-D402-43AF-A981-BEC8696F1A5B}.Release|Any CPU.ActiveCfg = Release|Any CPU
		{35347BF2-D402-43AF-A981-BEC8696F1A5B}.Release|Any CPU.Build.0 = Release|Any CPU
		{35347BF2-D402-43AF-A981-BEC8696F1A5B}.Release|Any CPU.Deploy.0 = Release|Any CPU
		{CE340B7B-C8CA-4CDD-9169-F92538E9DAB2}.Debug|Any CPU.ActiveCfg = Debug|Any CPU
		{CE340B7B-C8CA-4CDD-9169-F92538E9DAB2}.Debug|Any CPU.Build.0 = Debug|Any CPU
		{CE340B7B-C8CA-4CDD-9169-F92538E9DAB2}.muliServers|Any CPU.ActiveCfg = muliServers|Any CPU
		{CE340B7B-C8CA-4CDD-9169-F92538E9DAB2}.muliServers|Any CPU.Build.0 = muliServers|Any CPU
		{CE340B7B-C8CA-4CDD-9169-F92538E9DAB2}.Release|Any CPU.ActiveCfg = Release|Any CPU
		{CE340B7B-C8CA-4CDD-9169-F92538E9DAB2}.Release|Any CPU.Build.0 = Release|Any CPU
		{089843D1-00A7-47F2-AD68-512540E94FE2}.Debug|Any CPU.ActiveCfg = Debug|Any CPU
		{089843D1-00A7-47F2-AD68-512540E94FE2}.Debug|Any CPU.Build.0 = Debug|Any CPU
		{089843D1-00A7-47F2-AD68-512540E94FE2}.muliServers|Any CPU.ActiveCfg = muliServers|Any CPU
		{089843D1-00A7-47F2-AD68-512540E94FE2}.muliServers|Any CPU.Build.0 = muliServers|Any CPU
		{089843D1-00A7-47F2-AD68-512540E94FE2}.Release|Any CPU.ActiveCfg = Release|Any CPU
		{089843D1-00A7-47F2-AD68-512540E94FE2}.Release|Any CPU.Build.0 = Release|Any CPU
		{2C99C386-03FE-4DF9-8F75-BD5403D83359}.Debug|Any CPU.ActiveCfg = Debug|Any CPU
		{2C99C386-03FE-4DF9-8F75-BD5403D83359}.Debug|Any CPU.Build.0 = Debug|Any CPU
		{2C99C386-03FE-4DF9-8F75-BD5403D83359}.muliServers|Any CPU.ActiveCfg = muliServers|Any CPU
		{2C99C386-03FE-4DF9-8F75-BD5403D83359}.muliServers|Any CPU.Build.0 = muliServers|Any CPU
		{2C99C386-03FE-4DF9-8F75-BD5403D83359}.Release|Any CPU.ActiveCfg = Release|Any CPU
		{2C99C386-03FE-4DF9-8F75-BD5403D83359}.Release|Any CPU.Build.0 = Release|Any CPU
		{5D6B1A1D-39AD-4474-8DB0-058C0796A766}.Debug|Any CPU.ActiveCfg = Debug|Any CPU
		{5D6B1A1D-39AD-4474-8DB0-058C0796A766}.Debug|Any CPU.Build.0 = Debug|Any CPU
		{5D6B1A1D-39AD-4474-8DB0-058C0796A766}.muliServers|Any CPU.ActiveCfg = muliServers|Any CPU
		{5D6B1A1D-39AD-4474-8DB0-058C0796A766}.muliServers|Any CPU.Build.0 = muliServers|Any CPU
		{5D6B1A1D-39AD-4474-8DB0-058C0796A766}.Release|Any CPU.ActiveCfg = Release|Any CPU
		{5D6B1A1D-39AD-4474-8DB0-058C0796A766}.Release|Any CPU.Build.0 = Release|Any CPU
		{B764B758-5EA8-40D0-91B4-2661F9878014}.Debug|Any CPU.ActiveCfg = Debug|Any CPU
		{B764B758-5EA8-40D0-91B4-2661F9878014}.Debug|Any CPU.Build.0 = Debug|Any CPU
		{B764B758-5EA8-40D0-91B4-2661F9878014}.muliServers|Any CPU.ActiveCfg = muliServers|Any CPU
		{B764B758-5EA8-40D0-91B4-2661F9878014}.muliServers|Any CPU.Build.0 = muliServers|Any CPU
		{B764B758-5EA8-40D0-91B4-2661F9878014}.Release|Any CPU.ActiveCfg = Release|Any CPU
		{B764B758-5EA8-40D0-91B4-2661F9878014}.Release|Any CPU.Build.0 = Release|Any CPU
		{992563A1-CB38-4E74-A60A-05B80779989D}.Debug|Any CPU.ActiveCfg = Debug|Any CPU
		{992563A1-CB38-4E74-A60A-05B80779989D}.Debug|Any CPU.Build.0 = Debug|Any CPU
		{992563A1-CB38-4E74-A60A-05B80779989D}.muliServers|Any CPU.ActiveCfg = Debug|Any CPU
		{992563A1-CB38-4E74-A60A-05B80779989D}.muliServers|Any CPU.Build.0 = Debug|Any CPU
		{992563A1-CB38-4E74-A60A-05B80779989D}.Release|Any CPU.ActiveCfg = Release|Any CPU
		{992563A1-CB38-4E74-A60A-05B80779989D}.Release|Any CPU.Build.0 = Release|Any CPU
		{ADD38B82-E740-4D4E-AB81-71E6A3650DB4}.Debug|Any CPU.ActiveCfg = Debug|Any CPU
		{ADD38B82-E740-4D4E-AB81-71E6A3650DB4}.Debug|Any CPU.Build.0 = Debug|Any CPU
		{ADD38B82-E740-4D4E-AB81-71E6A3650DB4}.muliServers|Any CPU.ActiveCfg = Debug|Any CPU
		{ADD38B82-E740-4D4E-AB81-71E6A3650DB4}.muliServers|Any CPU.Build.0 = Debug|Any CPU
		{ADD38B82-E740-4D4E-AB81-71E6A3650DB4}.Release|Any CPU.ActiveCfg = Release|Any CPU
		{ADD38B82-E740-4D4E-AB81-71E6A3650DB4}.Release|Any CPU.Build.0 = Release|Any CPU
		{10EC6DBE-FB63-4311-A7EE-8F387D48B9CD}.Debug|Any CPU.ActiveCfg = Debug|Any CPU
		{10EC6DBE-FB63-4311-A7EE-8F387D48B9CD}.Debug|Any CPU.Build.0 = Debug|Any CPU
		{10EC6DBE-FB63-4311-A7EE-8F387D48B9CD}.muliServers|Any CPU.ActiveCfg = Debug|Any CPU
		{10EC6DBE-FB63-4311-A7EE-8F387D48B9CD}.muliServers|Any CPU.Build.0 = Debug|Any CPU
		{10EC6DBE-FB63-4311-A7EE-8F387D48B9CD}.Release|Any CPU.ActiveCfg = Release|Any CPU
		{10EC6DBE-FB63-4311-A7EE-8F387D48B9CD}.Release|Any CPU.Build.0 = Release|Any CPU
		{9C56F2C4-ABEA-4785-8CFC-7130DBAF0B03}.Debug|Any CPU.ActiveCfg = Debug|Any CPU
		{9C56F2C4-ABEA-4785-8CFC-7130DBAF0B03}.Debug|Any CPU.Build.0 = Debug|Any CPU
		{9C56F2C4-ABEA-4785-8CFC-7130DBAF0B03}.muliServers|Any CPU.ActiveCfg = Debug|Any CPU
		{9C56F2C4-ABEA-4785-8CFC-7130DBAF0B03}.muliServers|Any CPU.Build.0 = Debug|Any CPU
		{9C56F2C4-ABEA-4785-8CFC-7130DBAF0B03}.Release|Any CPU.ActiveCfg = Release|Any CPU
		{9C56F2C4-ABEA-4785-8CFC-7130DBAF0B03}.Release|Any CPU.Build.0 = Release|Any CPU
		{3EFC5560-04EA-4D56-B6D8-F1A4C64D8356}.Debug|Any CPU.ActiveCfg = Debug|Any CPU
		{3EFC5560-04EA-4D56-B6D8-F1A4C64D8356}.Debug|Any CPU.Build.0 = Debug|Any CPU
		{3EFC5560-04EA-4D56-B6D8-F1A4C64D8356}.muliServers|Any CPU.ActiveCfg = Debug|Any CPU
		{3EFC5560-04EA-4D56-B6D8-F1A4C64D8356}.muliServers|Any CPU.Build.0 = Debug|Any CPU
		{3EFC5560-04EA-4D56-B6D8-F1A4C64D8356}.Release|Any CPU.ActiveCfg = Release|Any CPU
		{3EFC5560-04EA-4D56-B6D8-F1A4C64D8356}.Release|Any CPU.Build.0 = Release|Any CPU
		{6488687C-8996-4953-8CFB-59B358999422}.Debug|Any CPU.ActiveCfg = Debug|Any CPU
		{6488687C-8996-4953-8CFB-59B358999422}.Debug|Any CPU.Build.0 = Debug|Any CPU
		{6488687C-8996-4953-8CFB-59B358999422}.muliServers|Any CPU.ActiveCfg = Debug|Any CPU
		{6488687C-8996-4953-8CFB-59B358999422}.muliServers|Any CPU.Build.0 = Debug|Any CPU
		{6488687C-8996-4953-8CFB-59B358999422}.Release|Any CPU.ActiveCfg = Release|Any CPU
		{6488687C-8996-4953-8CFB-59B358999422}.Release|Any CPU.Build.0 = Release|Any CPU
		{A78EFD2C-BABF-469D-9BC7-2FA7583C2525}.Debug|Any CPU.ActiveCfg = Debug|Any CPU
		{A78EFD2C-BABF-469D-9BC7-2FA7583C2525}.Debug|Any CPU.Build.0 = Debug|Any CPU
		{A78EFD2C-BABF-469D-9BC7-2FA7583C2525}.muliServers|Any CPU.ActiveCfg = Debug|Any CPU
		{A78EFD2C-BABF-469D-9BC7-2FA7583C2525}.muliServers|Any CPU.Build.0 = Debug|Any CPU
		{A78EFD2C-BABF-469D-9BC7-2FA7583C2525}.Release|Any CPU.ActiveCfg = Release|Any CPU
		{A78EFD2C-BABF-469D-9BC7-2FA7583C2525}.Release|Any CPU.Build.0 = Release|Any CPU
		{343EA4E5-3ECE-4E15-9099-8EB54EE2A3FA}.Debug|Any CPU.ActiveCfg = Debug|Any CPU
		{343EA4E5-3ECE-4E15-9099-8EB54EE2A3FA}.Debug|Any CPU.Build.0 = Debug|Any CPU
		{343EA4E5-3ECE-4E15-9099-8EB54EE2A3FA}.muliServers|Any CPU.ActiveCfg = Debug|Any CPU
		{343EA4E5-3ECE-4E15-9099-8EB54EE2A3FA}.muliServers|Any CPU.Build.0 = Debug|Any CPU
		{343EA4E5-3ECE-4E15-9099-8EB54EE2A3FA}.Release|Any CPU.ActiveCfg = Release|Any CPU
		{343EA4E5-3ECE-4E15-9099-8EB54EE2A3FA}.Release|Any CPU.Build.0 = Release|Any CPU
		{6922A497-7853-49DA-A73A-0674D894A3DA}.Debug|Any CPU.ActiveCfg = Debug|Any CPU
		{6922A497-7853-49DA-A73A-0674D894A3DA}.Debug|Any CPU.Build.0 = Debug|Any CPU
		{6922A497-7853-49DA-A73A-0674D894A3DA}.muliServers|Any CPU.ActiveCfg = Debug|Any CPU
		{6922A497-7853-49DA-A73A-0674D894A3DA}.muliServers|Any CPU.Build.0 = Debug|Any CPU
		{6922A497-7853-49DA-A73A-0674D894A3DA}.Release|Any CPU.ActiveCfg = Release|Any CPU
		{6922A497-7853-49DA-A73A-0674D894A3DA}.Release|Any CPU.Build.0 = Release|Any CPU
	EndGlobalSection
	GlobalSection(SolutionProperties) = preSolution
		HideSolutionNode = FALSE
	EndGlobalSection
	GlobalSection(NestedProjects) = preSolution
		{02E7DD7F-0D98-49A3-AFFE-BD2832A2D3BD} = {20DD6562-2EC3-4E7C-AAE9-E493CC9FCE11}
		{A58D5DFB-377C-43B3-ABDD-D7EB320DFD11} = {20DD6562-2EC3-4E7C-AAE9-E493CC9FCE11}
		{76522A3D-6341-4BA9-938B-339FDC0B697B} = {20DD6562-2EC3-4E7C-AAE9-E493CC9FCE11}
		{589EED7B-02DA-48D5-825F-3B34326D7F3D} = {B0A48511-3850-40CF-B424-BC37FCFF08FD}
		{35347BF2-D402-43AF-A981-BEC8696F1A5B} = {B0A48511-3850-40CF-B424-BC37FCFF08FD}
		{089843D1-00A7-47F2-AD68-512540E94FE2} = {DBE33B6B-29F2-4F2E-AE2C-F4FF46DDAB4F}
		{2C99C386-03FE-4DF9-8F75-BD5403D83359} = {DBE33B6B-29F2-4F2E-AE2C-F4FF46DDAB4F}
		{5D6B1A1D-39AD-4474-8DB0-058C0796A766} = {DBE33B6B-29F2-4F2E-AE2C-F4FF46DDAB4F}
		{B764B758-5EA8-40D0-91B4-2661F9878014} = {DBE33B6B-29F2-4F2E-AE2C-F4FF46DDAB4F}
		{992563A1-CB38-4E74-A60A-05B80779989D} = {DBE33B6B-29F2-4F2E-AE2C-F4FF46DDAB4F}
		{ADD38B82-E740-4D4E-AB81-71E6A3650DB4} = {74611EC7-00BA-4E5F-8990-80EDC10E4784}
		{10EC6DBE-FB63-4311-A7EE-8F387D48B9CD} = {74611EC7-00BA-4E5F-8990-80EDC10E4784}
		{9C56F2C4-ABEA-4785-8CFC-7130DBAF0B03} = {74611EC7-00BA-4E5F-8990-80EDC10E4784}
		{3EFC5560-04EA-4D56-B6D8-F1A4C64D8356} = {74611EC7-00BA-4E5F-8990-80EDC10E4784}
		{6488687C-8996-4953-8CFB-59B358999422} = {DBE33B6B-29F2-4F2E-AE2C-F4FF46DDAB4F}
		{343EA4E5-3ECE-4E15-9099-8EB54EE2A3FA} = {DBE33B6B-29F2-4F2E-AE2C-F4FF46DDAB4F}
	EndGlobalSection
	GlobalSection(ExtensibilityGlobals) = postSolution
		SolutionGuid = {3C053295-CFC3-4983-A187-9EEFC65C7D20}
	EndGlobalSection
EndGlobal
